
Microsoft Visual Studio Solution File, Format Version 12.00
# Visual Studio 15
VisualStudioVersion = 15.0.28307.421
MinimumVisualStudioVersion = 10.0.40219.1
Project("{FAE04EC0-301F-11D3-BF4B-00C04F79EFBC}") = "Minimizer", "MiniApp\Minimizer.csproj", "{C28A4E9A-5612-4C4B-AE43-F60DAF4A1758}"
EndProject
Global
	GlobalSection(SolutionConfigurationPlatforms) = preSolution
		Debug|Any CPU = Debug|Any CPU
		Release|Any CPU = Release|Any CPU
	EndGlobalSection
	GlobalSection(ProjectConfigurationPlatforms) = postSolution
		{C28A4E9A-5612-4C4B-AE43-F60DAF4A1758}.Debug|Any CPU.ActiveCfg = Debug|Any CPU
		{C28A4E9A-5612-4C4B-AE43-F60DAF4A1758}.Debug|Any CPU.Build.0 = Debug|Any CPU
		{C28A4E9A-5612-4C4B-AE43-F60DAF4A1758}.Release|Any CPU.ActiveCfg = Release|Any CPU
		{C28A4E9A-5612-4C4B-AE43-F60DAF4A1758}.Release|Any CPU.Build.0 = Release|Any CPU
	EndGlobalSection
	GlobalSection(SolutionProperties) = preSolution
		HideSolutionNode = FALSE
	EndGlobalSection
	GlobalSection(ExtensibilityGlobals) = postSolution
		SolutionGuid = {C78F8591-F0F7-4372-B725-5AAE58D597A0}
	EndGlobalSection
EndGlobal
